
Microsoft Visual Studio Solution File, Format Version 12.00
# Visual Studio 2013
VisualStudioVersion = 12.0.30203.2
MinimumVisualStudioVersion = 10.0.40219.1
Project("{FAE04EC0-301F-11D3-BF4B-00C04F79EFBC}") = "SeedingDataFromCSV", "SeedingDataFromCSV\SeedingDataFromCSV.csproj", "{B9C20DA0-98F3-4A56-9665-0C1E7205EB21}"
EndProject
Global
	GlobalSection(SolutionConfigurationPlatforms) = preSolution
		Debug|Any CPU = Debug|Any CPU
		Release|Any CPU = Release|Any CPU
	EndGlobalSection
	GlobalSection(ProjectConfigurationPlatforms) = postSolution
		{B9C20DA0-98F3-4A56-9665-0C1E7205EB21}.Debug|Any CPU.ActiveCfg = Debug|Any CPU
		{B9C20DA0-98F3-4A56-9665-0C1E7205EB21}.Debug|Any CPU.Build.0 = Debug|Any CPU
		{B9C20DA0-98F3-4A56-9665-0C1E7205EB21}.Release|Any CPU.ActiveCfg = Release|Any CPU
		{B9C20DA0-98F3-4A56-9665-0C1E7205EB21}.Release|Any CPU.Build.0 = Release|Any CPU
	EndGlobalSection
	GlobalSection(SolutionProperties) = preSolution
		HideSolutionNode = FALSE
	EndGlobalSection
EndGlobal
